
Microsoft Visual Studio Solution File, Format Version 12.00
# Visual Studio Version 17
VisualStudioVersion = 17.14.36301.6
MinimumVisualStudioVersion = 10.0.40219.1
Project("{FAE04EC0-301F-11D3-BF4B-00C04F79EFBC}") = "WeChatBot.Console", "WeChatBot.Console.csproj", "{BE95ED83-382C-4636-A972-F6AAE140CB3F}"
EndProject
Global
	GlobalSection(SolutionConfigurationPlatforms) = preSolution
		Debug|Any CPU = Debug|Any CPU
		Release|Any CPU = Release|Any CPU
	EndGlobalSection
	GlobalSection(ProjectConfigurationPlatforms) = postSolution
		{BE95ED83-382C-4636-A972-F6AAE140CB3F}.Debug|Any CPU.ActiveCfg = Debug|Any CPU
		{BE95ED83-382C-4636-A972-F6AAE140CB3F}.Debug|Any CPU.Build.0 = Debug|Any CPU
		{BE95ED83-382C-4636-A972-F6AAE140CB3F}.Release|Any CPU.ActiveCfg = Release|Any CPU
		{BE95ED83-382C-4636-A972-F6AAE140CB3F}.Release|Any CPU.Build.0 = Release|Any CPU
	EndGlobalSection
	GlobalSection(SolutionProperties) = preSolution
		HideSolutionNode = FALSE
	EndGlobalSection
	GlobalSection(ExtensibilityGlobals) = postSolution
		SolutionGuid = {6B810BB1-838F-48BE-A3FC-48D4E24394F1}
	EndGlobalSection
EndGlobal
